PODS:
  - FinApplet (2.51.1)
  - FinAppletExt (2.51.1):
    - FinApplet (= 2.51.1)
  - Flutter (1.0.0)
  - mop (0.1.1):
    - FinApplet (= 2.51.1)
    - FinAppletExt (= 2.51.1)
    - Flutter

DEPENDENCIES:
  - Flutter (from `Flutter`)
  - mop (from `.symlinks/plugins/mop/ios`)

SPEC REPOS:
  trunk:
    - FinApplet
    - FinAppletExt

EXTERNAL SOURCES:
  Flutter:
    :path: Flutter
  mop:
    :path: ".symlinks/plugins/mop/ios"

SPEC CHECKSUMS:
  FinApplet: 55e4bebbd8dcaf1a1789e5bda2b284902169fedf
  FinAppletExt: 7c05c39741f12966e5bdc76338d9bb99ddc5686b
  Flutter: e0871f40cf51350855a761d2e70bf5af5b9b5de7
  mop: 7537540569e2068f65576459b13a81a2f4c079f9

PODFILE CHECKSUM: 511fbb193454f0de30104cc90176eeeefa24c900

COCOAPODS: 1.16.2
